
Microsoft Visual Studio Solution File, Format Version 12.00
# Visual Studio Version 17
VisualStudioVersion = 17.3.32901.215
MinimumVisualStudioVersion = 10.0.40219.1
Project("{FAE04EC0-301F-11D3-BF4B-00C04F79EFBC}") = "Exo_Api_Pokemon", "Exo_Api_Pokemon\Exo_Api_Pokemon.csproj", "{0144CD71-168F-4A03-B789-EFCF9EF5563A}"
EndProject
Project("{00D1A9C2-B5F0-4AF3-8072-F6C62B433612}") = "Exo_Api_Pokemon.DB", "Exo_Api_Pokemon.DB\Exo_Api_Pokemon.DB.sqlproj", "{628840FA-F8E8-4564-82F4-F6D6D1C9B234}"
EndProject
Global
	GlobalSection(SolutionConfigurationPlatforms) = preSolution
		Debug|Any CPU = Debug|Any CPU
		Release|Any CPU = Release|Any CPU
	EndGlobalSection
	GlobalSection(ProjectConfigurationPlatforms) = postSolution
		{0144CD71-168F-4A03-B789-EFCF9EF5563A}.Debug|Any CPU.ActiveCfg = Debug|Any CPU
		{0144CD71-168F-4A03-B789-EFCF9EF5563A}.Debug|Any CPU.Build.0 = Debug|Any CPU
		{0144CD71-168F-4A03-B789-EFCF9EF5563A}.Release|Any CPU.ActiveCfg = Release|Any CPU
		{0144CD71-168F-4A03-B789-EFCF9EF5563A}.Release|Any CPU.Build.0 = Release|Any CPU
		{628840FA-F8E8-4564-82F4-F6D6D1C9B234}.Debug|Any CPU.ActiveCfg = Debug|Any CPU
		{628840FA-F8E8-4564-82F4-F6D6D1C9B234}.Debug|Any CPU.Build.0 = Debug|Any CPU
		{628840FA-F8E8-4564-82F4-F6D6D1C9B234}.Debug|Any CPU.Deploy.0 = Debug|Any CPU
		{628840FA-F8E8-4564-82F4-F6D6D1C9B234}.Release|Any CPU.ActiveCfg = Release|Any CPU
		{628840FA-F8E8-4564-82F4-F6D6D1C9B234}.Release|Any CPU.Build.0 = Release|Any CPU
		{628840FA-F8E8-4564-82F4-F6D6D1C9B234}.Release|Any CPU.Deploy.0 = Release|Any CPU
	EndGlobalSection
	GlobalSection(SolutionProperties) = preSolution
		HideSolutionNode = FALSE
	EndGlobalSection
	GlobalSection(ExtensibilityGlobals) = postSolution
		SolutionGuid = {E1F106EF-922F-44AE-9326-4FC2D55F47ED}
	EndGlobalSection
EndGlobal
